// !$*UTF8*$!
{
	archiveVersion = 1;
	classes = {
	};
	objectVersion = 46;
	objects = {

/* Begin PBXBuildFile section */
		847350801E7257DD004AC8FC /* AppDelegate.swift in Sources */ = {isa = PBXBuildFile; fileRef = 8473507F1E7257DD004AC8FC /* AppDelegate.swift */; };
		847350821E7257DD004AC8FC /* ViewController.swift in Sources */ = {isa = PBXBuildFile; fileRef = 847350811E7257DD004AC8FC /* ViewController.swift */; };
		847350851E7257DD004AC8FC /* Main.storyboard in Resources */ = {isa = PBXBuildFile; fileRef = 847350831E7257DD004AC8FC /* Main.storyboard */; };
		847350871E7257DD004AC8FC /* Assets.xcassets in Resources */ = {isa = PBXBuildFile; fileRef = 847350861E7257DD004AC8FC /* Assets.xcassets */; };
		8473508A1E7257DD004AC8FC /* LaunchScreen.storyboard in Resources */ = {isa = PBXBuildFile; fileRef = 847350881E7257DD004AC8FC /* LaunchScreen.storyboard */; };
/* End PBXBuildFile section */

/* Begin PBXFileReference section */
		8473507C1E7257DD004AC8FC /* AlamofireH1.app */ = {isa = PBXFileReference; explicitFileType = wrapper.application; includeInIndex = 0; path = AlamofireH1.app; sourceTree = BUILT_PRODUCTS_DIR; };
		8473507F1E7257DD004AC8FC /* AppDelegate.swift */ = {isa = PBXFileReference; lastKnownFileType = sourcecode.swift; path = AppDelegate.swift; sourceTree = "<group>"; };
		847350811E7257DD004AC8FC /* ViewController.swift */ = {isa = PBXFileReference; lastKnownFileType = sourcecode.swift; path = ViewController.swift; sourceTree = "<group>"; };
		847350841E7257DD004AC8FC /* Base */ = {isa = PBXFileReference; lastKnownFileType = file.storyboard; name = Base; path = Base.lproj/Main.storyboard; sourceTree = "<group>"; };
		847350861E7257DD004AC8FC /* Assets.xcassets */ = {isa = PBXFileReference; lastKnownFileType = folder.assetcatalog; path = Assets.xcassets; sourceTree = "<group>"; };
		847350891E7257DD004AC8FC /* Base */ = {isa = PBXFileReference; lastKnownFileType = file.storyboard; name = Base; path = Base.lproj/LaunchScreen.storyboard; sourceTree = "<group>"; };
		8473508B1E7257DD004AC8FC /* Info.plist */ = {isa = PBXFileReference; lastKnownFileType = text.plist.xml; path = Info.plist; sourceTree = "<group>"; };
/* End PBXFileReference section */

/* Begin PBXFrameworksBuildPhase section */
		847350791E7257DD004AC8FC /* Frameworks */ = {
			isa = PBXFrameworksBuildPhase;
			buildActionMask = 2147483647;
			files = (
			);
			runOnlyForDeploymentPostprocessing = 0;
		};
/* End PBXFrameworksBuildPhase section */

/* Begin PBXGroup section */
		847350731E7257DD004AC8FC = {
			isa = PBXGroup;
			children = (
				8473507E1E7257DD004AC8FC /* AlamofireH1 */,
				8473507D1E7257DD004AC8FC /* Products */,
			);
			sourceTree = "<group>";
		};
		8473507D1E7257DD004AC8FC /* Products */ = {
			isa = PBXGroup;
			children = (
				8473507C1E7257DD004AC8FC /* AlamofireH1.app */,
			);
			name = Products;
			sourceTree = "<group>";
		};
		8473507E1E7257DD004AC8FC /* AlamofireH1 */ = {
			isa = PBXGroup;
			children = (
				8473507F1E7257DD004AC8FC /* AppDelegate.swift */,
				847350811E7257DD004AC8FC /* ViewController.swift */,
				847350831E7257DD004AC8FC /* Main.storyboard */,
				847350861E7257DD004AC8FC /* Assets.xcassets */,
				847350881E7257DD004AC8FC /* LaunchScreen.storyboard */,
				8473508B1E7257DD004AC8FC /* Info.plist */,
			);
			path = AlamofireH1;
			sourceTree = "<group>";
		};
/* End PBXGroup section */

/* Begin PBXNativeTarget section */
		8473507B1E7257DD004AC8FC /* AlamofireH1 */ = {
			isa = PBXNativeTarget;
			buildConfigurationList = 8473508E1E7257DD004AC8FC /* Build configuration list for PBXNativeTarget "AlamofireH1" */;
			buildPhases = (
				847350781E7257DD004AC8FC /* Sources */,
				847350791E7257DD004AC8FC /* Frameworks */,
				8473507A1E7257DD004AC8FC /* Resources */,
			);
			buildRules = (
			);
			dependencies = (
			);
			name = AlamofireH1;
			productName = AlamofireH1;
			productReference = 8473507C1E7257DD004AC8FC /* AlamofireH1.app */;
			productType = "com.apple.product-type.application";
		};
/* End PBXNativeTarget section */

/* Begin PBXProject section */
		847350741E7257DD004AC8FC /* Project object */ = {
			isa = PBXProject;
			attributes = {
				LastSwiftUpdateCheck = 0820;
				LastUpgradeCheck = 0820;
				ORGANIZATIONNAME = Jakkawad.Chaiplee;
				TargetAttributes = {
					8473507B1E7257DD004AC8FC = {
						CreatedOnToolsVersion = 8.2.1;
						ProvisioningStyle = Automatic;
					};
				};
			};
			buildConfigurationList = 847350771E7257DD004AC8FC /* Build configuration list for PBXProject "AlamofireH1" */;
			compatibilityVersion = "Xcode 3.2";
			developmentRegion = English;
			hasScannedForEncodings = 0;
			knownRegions = (
				en,
				Base,
			);
			mainGroup = 847350731E7257DD004AC8FC;
			productRefGroup = 8473507D1E7257DD004AC8FC /* Products */;
			projectDirPath = "";
			projectRoot = "";
			targets = (
				8473507B1E7257DD004AC8FC /* AlamofireH1 */,
			);
		};
/* End PBXProject section */

/* Begin PBXResourcesBuildPhase section */
		8473507A1E7257DD004AC8FC /* Resources */ = {
			isa = PBXResourcesBuildPhase;
			buildActionMask = 2147483647;
			files = (
				8473508A1E7257DD004AC8FC /* LaunchScreen.storyboard in Resources */,
				847350871E7257DD004AC8FC /* Assets.xcassets in Resources */,
				847350851E7257DD004AC8FC /* Main.storyboard in Resources */,
			);
			runOnlyForDeploymentPostprocessing = 0;
		};
/* End PBXResourcesBuildPhase section */

/* Begin PBXSourcesBuildPhase section */
		847350781E7257DD004AC8FC /* Sources */ = {
			isa = PBXSourcesBuildPhase;
			buildActionMask = 2147483647;
			files = (
				847350821E7257DD004AC8FC /* ViewController.swift in Sources */,
				847350801E7257DD004AC8FC /* AppDelegate.swift in Sources */,
			);
			runOnlyForDeploymentPostprocessing = 0;
		};
/* End PBXSourcesBuildPhase section */

/* Begin PBXVariantGroup section */
		847350831E7257DD004AC8FC /* Main.storyboard */ = {
			isa = PBXVariantGroup;
			children = (
				847350841E7257DD004AC8FC /* Base */,
			);
			name = Main.storyboard;
			sourceTree = "<group>";
		};
		847350881E7257DD004AC8FC /* LaunchScreen.storyboard */ = {
			isa = PBXVariantGroup;
			children = (
				847350891E7257DD004AC8FC /* Base */,
			);
			name = LaunchScreen.storyboard;
			sourceTree = "<group>";
		};
/* End PBXVariantGroup section */

/* Begin XCBuildConfiguration section */
		8473508C1E7257DD004AC8FC /* Debug */ = {
			isa = XCBuildConfiguration;
			buildSettings = {
				ALWAYS_SEARCH_USER_PATHS = NO;
				CLANG_ANALYZER_NONNULL = YES;
				CLANG_CXX_LANGUAGE_STANDARD = "gnu++0x";
				CLANG_CXX_LIBRARY = "libc++";
				CLANG_ENABLE_MODULES = YES;
				CLANG_ENABLE_OBJC_ARC = YES;
				CLANG_WARN_BOOL_CONVERSION = YES;
				CLANG_WARN_CONSTANT_CONVERSION = YES;
				CLANG_WARN_DIRECT_OBJC_ISA_USAGE = YES_ERROR;
				CLANG_WARN_DOCUMENTATION_COMMENTS = YES;
				CLANG_WARN_EMPTY_BODY = YES;
				CLANG_WARN_ENUM_CONVERSION = YES;
				CLANG_WARN_INFINITE_RECURSION = YES;
				CLANG_WARN_INT_CONVERSION = YES;
				CLANG_WARN_OBJC_ROOT_CLASS = YES_ERROR;
				CLANG_WARN_SUSPICIOUS_MOVE = YES;
				CLANG_WARN_UNREACHABLE_CODE = YES;
				CLANG_WARN__DUPLICATE_METHOD_MATCH = YES;
				"CODE_SIGN_IDENTITY[sdk=iphoneos*]" = "iPhone Developer";
				COPY_PHASE_STRIP = NO;
				DEBUG_INFORMATION_FORMAT = dwarf;
				ENABLE_STRICT_OBJC_MSGSEND = YES;
				ENABLE_TESTABILITY = YES;
				GCC_C_LANGUAGE_STANDARD = gnu99;
				GCC_DYNAMIC_NO_PIC = NO;
				GCC_NO_COMMON_BLOCKS = YES;
				GCC_OPTIMIZATION_LEVEL = 0;
				GCC_PREPROCESSOR_DEFINITIONS = (
					"DEBUG=1",
					"$(inherited)",
				);
				GCC_WARN_64_TO_32_BIT_CONVERSION = YES;
				GCC_WARN_ABOUT_RETURN_TYPE = YES_ERROR;
				GCC_WARN_UNDECLARED_SELECTOR = YES;
				GCC_WARN_UNINITIALIZED_AUTOS = YES_AGGRESSIVE;
				GCC_WARN_UNUSED_FUNCTION = YES;
				GCC_WARN_UNUSED_VARIABLE = YES;
				IPHONEOS_DEPLOYMENT_TARGET = 10.2;
				MTL_ENABLE_DEBUG_INFO = YES;
				ONLY_ACTIVE_ARCH = YES;
				SDKROOT = iphoneos;
				SWIFT_ACTIVE_COMPILATION_CONDITIONS = DEBUG;
				SWIFT_OPTIMIZATION_LEVEL = "-Onone";
			};
			name = Debug;
		};
		8473508D1E7257DD004AC8FC /* Release */ = {
			isa = XCBuildConfiguration;
			buildSettings = {
				ALWAYS_SEARCH_USER_PATHS = NO;
				CLANG_ANALYZER_NONNULL = YES;
				CLANG_CXX_LANGUAGE_STANDARD = "gnu++0x";
				CLANG_CXX_LIBRARY = "libc++";
				CLANG_ENABLE_MODULES = YES;
				CLANG_ENABLE_OBJC_ARC = YES;
				CLANG_WARN_BOOL_CONVERSION = YES;
				CLANG_WARN_CONSTANT_CONVERSION = YES;
				CLANG_WARN_DIRECT_OBJC_ISA_USAGE = YES_ERROR;
				CLANG_WARN_DOCUMENTATION_COMMENTS = YES;
				CLANG_WARN_EMPTY_BODY = YES;
				CLANG_WARN_ENUM_CONVERSION = YES;
				CLANG_WARN_INFINITE_RECURSION = YES;
				CLANG_WARN_INT_CONVERSION = YES;
				CLANG_WARN_OBJC_ROOT_CLASS = YES_ERROR;
				CLANG_WARN_SUSPICIOUS_MOVE = YES;
				CLANG_WARN_UNREACHABLE_CODE = YES;
				CLANG_WARN__DUPLICATE_METHOD_MATCH = YES;
				"CODE_SIGN_IDENTITY[sdk=iphoneos*]" = "iPhone Developer";
				COPY_PHASE_STRIP = NO;
				DEBUG_INFORMATION_FORMAT = "dwarf-with-dsym";
				ENABLE_NS_ASSERTIONS = NO;
				ENABLE_STRICT_OBJC_MSGSEND = YES;
				GCC_C_LANGUAGE_STANDARD = gnu99;
				GCC_NO_COMMON_BLOCKS = YES;
				GCC_WARN_64_TO_32_BIT_CONVERSION = YES;
				GCC_WARN_ABOUT_RETURN_TYPE = YES_ERROR;
				GCC_WARN_UNDECLARED_SELECTOR = YES;
				GCC_WARN_UNINITIALIZED_AUTOS = YES_AGGRESSIVE;
				GCC_WARN_UNUSED_FUNCTION = YES;
				GCC_WARN_UNUSED_VARIABLE = YES;
				IPHONEOS_DEPLOYMENT_TARGET = 10.2;
				MTL_ENABLE_DEBUG_INFO = NO;
				SDKROOT = iphoneos;
				SWIFT_OPTIMIZATION_LEVEL = "-Owholemodule";
				VALIDATE_PRODUCT = YES;
			};
			name = Release;
		};
		8473508F1E7257DD004AC8FC /* Debug */ = {
			isa = XCBuildConfiguration;
			buildSettings = {
				ASSETCATALOG_COMPILER_APPICON_NAME = AppIcon;
				INFOPLIST_FILE = AlamofireH1/Info.plist;
				LD_RUNPATH_SEARCH_PATHS = "$(inherited) @executable_path/Frameworks";
				PRODUCT_BUNDLE_IDENTIFIER = "com.sunny-juof.AlamofireH1";
				PRODUCT_NAME = "$(TARGET_NAME)";
				SWIFT_VERSION = 3.0;
			};
			name = Debug;
		};
		847350901E7257DD004AC8FC /* Release */ = {
			isa = XCBuildConfiguration;
			buildSettings = {
				ASSETCATALOG_COMPILER_APPICON_NAME = AppIcon;
				INFOPLIST_FILE = AlamofireH1/Info.plist;
				LD_RUNPATH_SEARCH_PATHS = "$(inherited) @executable_path/Frameworks";
				PRODUCT_BUNDLE_IDENTIFIER = "com.sunny-juof.AlamofireH1";
				PRODUCT_NAME = "$(TARGET_NAME)";
				SWIFT_VERSION = 3.0;
			};
			name = Release;
		};
/* End XCBuildConfiguration section */

/* Begin XCConfigurationList section */
		847350771E7257DD004AC8FC /* Build configuration list for PBXProject "AlamofireH1" */ = {
			isa = XCConfigurationList;
			buildConfigurations = (
				8473508C1E7257DD004AC8FC /* Debug */,
				8473508D1E7257DD004AC8FC /* Release */,
			);
			defaultConfigurationIsVisible = 0;
			defaultConfigurationName = Release;
		};
		8473508E1E7257DD004AC8FC /* Build configuration list for PBXNativeTarget "AlamofireH1" */ = {
			isa = XCConfigurationList;
			buildConfigurations = (
				8473508F1E7257DD004AC8FC /* Debug */,
				847350901E7257DD004AC8FC /* Release */,
			);
			defaultConfigurationIsVisible = 0;
		};
/* End XCConfigurationList section */
	};
	rootObject = 847350741E7257DD004AC8FC /* Project object */;
}
